
Microsoft Visual Studio Solution File, Format Version 12.00
# Visual Studio 15
VisualStudioVersion = 15.0.27703.2042
MinimumVisualStudioVersion = 10.0.40219.1
Project("{FAE04EC0-301F-11D3-BF4B-00C04F79EFBC}") = "VS_Snippets", "VS_Snippets\VS_Snippets.csproj", "{6AE61BC0-312D-4872-BB82-48A6BF6213AD}"
EndProject
Global
	GlobalSection(SolutionConfigurationPlatforms) = preSolution
		Debug|Any CPU = Debug|Any CPU
		Release|Any CPU = Release|Any CPU
	EndGlobalSection
	GlobalSection(ProjectConfigurationPlatforms) = postSolution
		{6AE61BC0-312D-4872-BB82-48A6BF6213AD}.Debug|Any CPU.ActiveCfg = Debug|Any CPU
		{6AE61BC0-312D-4872-BB82-48A6BF6213AD}.Debug|Any CPU.Build.0 = Debug|Any CPU
		{6AE61BC0-312D-4872-BB82-48A6BF6213AD}.Release|Any CPU.ActiveCfg = Release|Any CPU
		{6AE61BC0-312D-4872-BB82-48A6BF6213AD}.Release|Any CPU.Build.0 = Release|Any CPU
	EndGlobalSection
	GlobalSection(SolutionProperties) = preSolution
		HideSolutionNode = FALSE
	EndGlobalSection
	GlobalSection(ExtensibilityGlobals) = postSolution
		SolutionGuid = {290BB017-07B4-49AA-AA13-561B23AD262A}
	EndGlobalSection
EndGlobal
